{
  "name": "opf-font-shaping-probe",
  "lockfileVersion": 3,
  "requires": true,
  "packages": {
    "": {
      "name": "opf-font-shaping-probe",
      "dependencies": {
        "harfbuzzjs": "1.6.1"
      },
      "engines": {
        "node": "24.x"
      }
    },
    "node_modules/harfbuzzjs": {
      "version": "1.6.1",
      "resolved": "https://registry.npmjs.org/harfbuzzjs/-/harfbuzzjs-1.6.1.tgz",
      "integrity": "sha512-+JeJmO+HzXjDwpfCOdGSyM2bNP8WzJNFKl/8TKivbInMYDtfRIuPIDLtnBNmQzcJw6GptbhHY6o5gaH6deCMEw==",
      "license": "MIT"
    }
  }
}
